Microsoft Visual Studio Solution File, Format Version 12.00
Project("{2150E333-8FDC-42A3-9474-1A3956D46DE8}") = "src", "src", "{572CC23B-5DBC-4176-A28F-345037DCEA39}"
EndProject
Project("{FAE04EC0-301F-11D3-BF4B-00C04F79EFBC}") = "Payhub.Domain", "src\Payhub.Domain\Payhub.Domain.csproj", "{C9D5FBA6-50DF-4A7B-9176-7DC347C0BCAB}"
EndProject
Project("{FAE04EC0-301F-11D3-BF4B-00C04F79EFBC}") = "Shared", "src\Shared\Shared.csproj", "{D944681F-E0C3-4345-97BC-899542AFC838}"
EndProject
Project("{FAE04EC0-301F-11D3-BF4B-00C04F79EFBC}") = "Payhub.Application", "src\Payhub.Application\Payhub.Application.csproj", "{2AD329E3-EF71-4A9A-B2C7-38E94276B360}"
EndProject
Project("{FAE04EC0-301F-11D3-BF4B-00C04F79EFBC}") = "Payhub.Infrastructure", "src\Payhub.Infrastructure\Payhub.Infrastructure.csproj", "{DDB6207B-8831-4246-B4A6-C8A1F733C0F1}"
EndProject
Project("{FAE04EC0-301F-11D3-BF4B-00C04F79EFBC}") = "Payhub.Api", "src\Payhub.Api\Payhub.Api.csproj", "{C1AA1036-A051-4A02-B73B-7C76293EE050}"
EndProject
Project("{2150E333-8FDC-42A3-9474-1A3956D46DE8}") = "workers", "workers", "{51D51A85-F226-436F-848F-E382B36B067B}"
EndProject
Project("{FAE04EC0-301F-11D3-BF4B-00C04F79EFBC}") = "HavBotTrigger", "workers\HavBotTrigger\HavBotTrigger.csproj", "{33713410-44A0-44EE-802A-6A68928E163D}"
EndProject
Global
	GlobalSection(SolutionConfigurationPlatforms) = preSolution
		Debug|Any CPU = Debug|Any CPU
		Release|Any CPU = Release|Any CPU
	EndGlobalSection
	GlobalSection(NestedProjects) = preSolution
		{C9D5FBA6-50DF-4A7B-9176-7DC347C0BCAB} = {572CC23B-5DBC-4176-A28F-345037DCEA39}
		{D944681F-E0C3-4345-97BC-899542AFC838} = {572CC23B-5DBC-4176-A28F-345037DCEA39}
		{2AD329E3-EF71-4A9A-B2C7-38E94276B360} = {572CC23B-5DBC-4176-A28F-345037DCEA39}
		{DDB6207B-8831-4246-B4A6-C8A1F733C0F1} = {572CC23B-5DBC-4176-A28F-345037DCEA39}
		{C1AA1036-A051-4A02-B73B-7C76293EE050} = {572CC23B-5DBC-4176-A28F-345037DCEA39}
		{33713410-44A0-44EE-802A-6A68928E163D} = {51D51A85-F226-436F-848F-E382B36B067B}
	EndGlobalSection
	GlobalSection(ProjectConfigurationPlatforms) = postSolution
		{C9D5FBA6-50DF-4A7B-9176-7DC347C0BCAB}.Debug|Any CPU.ActiveCfg = Debug|Any CPU
		{C9D5FBA6-50DF-4A7B-9176-7DC347C0BCAB}.Debug|Any CPU.Build.0 = Debug|Any CPU
		{C9D5FBA6-50DF-4A7B-9176-7DC347C0BCAB}.Release|Any CPU.ActiveCfg = Release|Any CPU
		{C9D5FBA6-50DF-4A7B-9176-7DC347C0BCAB}.Release|Any CPU.Build.0 = Release|Any CPU
		{D944681F-E0C3-4345-97BC-899542AFC838}.Debug|Any CPU.ActiveCfg = Debug|Any CPU
		{D944681F-E0C3-4345-97BC-899542AFC838}.Debug|Any CPU.Build.0 = Debug|Any CPU
		{D944681F-E0C3-4345-97BC-899542AFC838}.Release|Any CPU.ActiveCfg = Release|Any CPU
		{D944681F-E0C3-4345-97BC-899542AFC838}.Release|Any CPU.Build.0 = Release|Any CPU
		{2AD329E3-EF71-4A9A-B2C7-38E94276B360}.Debug|Any CPU.ActiveCfg = Debug|Any CPU
		{2AD329E3-EF71-4A9A-B2C7-38E94276B360}.Debug|Any CPU.Build.0 = Debug|Any CPU
		{2AD329E3-EF71-4A9A-B2C7-38E94276B360}.Release|Any CPU.ActiveCfg = Release|Any CPU
		{2AD329E3-EF71-4A9A-B2C7-38E94276B360}.Release|Any CPU.Build.0 = Release|Any CPU
		{DDB6207B-8831-4246-B4A6-C8A1F733C0F1}.Debug|Any CPU.ActiveCfg = Debug|Any CPU
		{DDB6207B-8831-4246-B4A6-C8A1F733C0F1}.Debug|Any CPU.Build.0 = Debug|Any CPU
		{DDB6207B-8831-4246-B4A6-C8A1F733C0F1}.Release|Any CPU.ActiveCfg = Release|Any CPU
		{DDB6207B-8831-4246-B4A6-C8A1F733C0F1}.Release|Any CPU.Build.0 = Release|Any CPU
		{C1AA1036-A051-4A02-B73B-7C76293EE050}.Debug|Any CPU.ActiveCfg = Debug|Any CPU
		{C1AA1036-A051-4A02-B73B-7C76293EE050}.Debug|Any CPU.Build.0 = Debug|Any CPU
		{C1AA1036-A051-4A02-B73B-7C76293EE050}.Release|Any CPU.ActiveCfg = Release|Any CPU
		{C1AA1036-A051-4A02-B73B-7C76293EE050}.Release|Any CPU.Build.0 = Release|Any CPU
		{33713410-44A0-44EE-802A-6A68928E163D}.Debug|Any CPU.ActiveCfg = Debug|Any CPU
		{33713410-44A0-44EE-802A-6A68928E163D}.Debug|Any CPU.Build.0 = Debug|Any CPU
		{33713410-44A0-44EE-802A-6A68928E163D}.Release|Any CPU.ActiveCfg = Release|Any CPU
		{33713410-44A0-44EE-802A-6A68928E163D}.Release|Any CPU.Build.0 = Release|Any CPU
	EndGlobalSection
EndGlobal
